Microsoft Visual Studio Solution File, Format Version 11.00
# Visual Studio 2008

Project("{662C27A3-DD3E-FEFE-62DF-03402CB5D211}") = "Materia TD", "Assembly-CSharp.csproj", "{8FC7F689-5A77-BB4A-308B-2256CCD2F92E}"
EndProject
Project("{662C27A3-DD3E-FEFE-62DF-03402CB5D211}") = "Materia TD", "Assembly-CSharp-Editor.csproj", "{1EE06BB2-80B0-DB52-1B9F-9322B4A46B0C}"
EndProject
Global
	GlobalSection(SolutionConfigurationPlatforms) = preSolution
		Debug|Any CPU = Debug|Any CPU
		Release|Any CPU = Release|Any CPU
	EndGlobalSection
	GlobalSection(ProjectConfigurationPlatforms) = postSolution
		{8FC7F689-5A77-BB4A-308B-2256CCD2F92E}.Debug|Any CPU.ActiveCfg = Debug|Any CPU
		{8FC7F689-5A77-BB4A-308B-2256CCD2F92E}.Debug|Any CPU.Build.0 = Debug|Any CPU
		{8FC7F689-5A77-BB4A-308B-2256CCD2F92E}.Release|Any CPU.ActiveCfg = Release|Any CPU
		{8FC7F689-5A77-BB4A-308B-2256CCD2F92E}.Release|Any CPU.Build.0 = Release|Any CPU
		{1EE06BB2-80B0-DB52-1B9F-9322B4A46B0C}.Debug|Any CPU.ActiveCfg = Debug|Any CPU
		{1EE06BB2-80B0-DB52-1B9F-9322B4A46B0C}.Debug|Any CPU.Build.0 = Debug|Any CPU
		{1EE06BB2-80B0-DB52-1B9F-9322B4A46B0C}.Release|Any CPU.ActiveCfg = Release|Any CPU
		{1EE06BB2-80B0-DB52-1B9F-9322B4A46B0C}.Release|Any CPU.Build.0 = Release|Any CPU
	EndGlobalSection
	GlobalSection(SolutionProperties) = preSolution
		HideSolutionNode = FALSE
	EndGlobalSection
																																																																																																																																																																																																		GlobalSection(MonoDevelopProperties) = preSolution
		StartupItem = Assembly-CSharp.csproj
		Policies = $0
		$0.TextStylePolicy = $1
		$1.inheritsSet = null
		$1.scope = text/x-csharp
		$0.CSharpFormattingPolicy = $2
		$2.inheritsSet = Mono
		$2.inheritsScope = text/x-csharp
		$2.scope = text/x-csharp
		$0.TextStylePolicy = $3
		$3.FileWidth = 120
		$3.TabWidth = 4
		$3.IndentWidth = 4
		$3.EolMarker = Unix
		$3.inheritsSet = Mono
		$3.inheritsScope = text/plain
		$3.scope = text/plain
	EndGlobalSection

EndGlobal
